
Microsoft Visual Studio Solution File, Format Version 12.00
# Visual Studio Version 17
VisualStudioVersion = 17.3.32922.545
MinimumVisualStudioVersion = 10.0.40219.1
Project("{9A19103F-16F7-4668-BE54-9A1E7A4F7556}") = "ValidUsername", "ValidUsername\ValidUsername.csproj", "{E4772EA0-0375-4773-A931-C5AEE10D115E}"
EndProject
Project("{9A19103F-16F7-4668-BE54-9A1E7A4F7556}") = "CharacterMultiplier", "CharacterMultiplier\CharacterMultiplier.csproj", "{8F62FF9B-4D3F-4630-ADFD-D2CB02B696C5}"
EndProject
Project("{9A19103F-16F7-4668-BE54-9A1E7A4F7556}") = "ExtractFile", "ExtractFile\ExtractFile.csproj", "{473733A8-B379-4A12-8CEC-DBCD722968E5}"
EndProject
Project("{9A19103F-16F7-4668-BE54-9A1E7A4F7556}") = "CeaserCipher", "CeaserCipher\CeaserCipher.csproj", "{D0AEE928-EAA6-49A0-9847-919D824332B8}"
EndProject
Project("{9A19103F-16F7-4668-BE54-9A1E7A4F7556}") = "Multiply", "Multiply\Multiply.csproj", "{0DF2D8A6-FA04-4C48-90A8-9ACE9042E8C0}"
EndProject
Project("{9A19103F-16F7-4668-BE54-9A1E7A4F7556}") = "ReplaceRepeatingChars", "ReplaceRepeatingChars\ReplaceRepeatingChars.csproj", "{08DBC907-6E8E-4D0F-AAD0-4DB1B7DAB287}"
EndProject
Project("{9A19103F-16F7-4668-BE54-9A1E7A4F7556}") = "StringExplosion", "StringExplosion\StringExplosion.csproj", "{FD75F81E-0D7B-4CBF-8B86-7EB8C39CBEBC}"
EndProject
Project("{FAE04EC0-301F-11D3-BF4B-00C04F79EFBC}") = "LettersChangeNumbers", "LettersChangeNumbers\LettersChangeNumbers.csproj", "{E9C5EE43-B199-47FE-AAA7-EF779CF74B3C}"
EndProject
Global
	GlobalSection(SolutionConfigurationPlatforms) = preSolution
		Debug|Any CPU = Debug|Any CPU
		Release|Any CPU = Release|Any CPU
	EndGlobalSection
	GlobalSection(ProjectConfigurationPlatforms) = postSolution
		{E4772EA0-0375-4773-A931-C5AEE10D115E}.Debug|Any CPU.ActiveCfg = Debug|Any CPU
		{E4772EA0-0375-4773-A931-C5AEE10D115E}.Debug|Any CPU.Build.0 = Debug|Any CPU
		{E4772EA0-0375-4773-A931-C5AEE10D115E}.Release|Any CPU.ActiveCfg = Release|Any CPU
		{E4772EA0-0375-4773-A931-C5AEE10D115E}.Release|Any CPU.Build.0 = Release|Any CPU
		{8F62FF9B-4D3F-4630-ADFD-D2CB02B696C5}.Debug|Any CPU.ActiveCfg = Debug|Any CPU
		{8F62FF9B-4D3F-4630-ADFD-D2CB02B696C5}.Debug|Any CPU.Build.0 = Debug|Any CPU
		{8F62FF9B-4D3F-4630-ADFD-D2CB02B696C5}.Release|Any CPU.ActiveCfg = Release|Any CPU
		{8F62FF9B-4D3F-4630-ADFD-D2CB02B696C5}.Release|Any CPU.Build.0 = Release|Any CPU
		{473733A8-B379-4A12-8CEC-DBCD722968E5}.Debug|Any CPU.ActiveCfg = Debug|Any CPU
		{473733A8-B379-4A12-8CEC-DBCD722968E5}.Debug|Any CPU.Build.0 = Debug|Any CPU
		{473733A8-B379-4A12-8CEC-DBCD722968E5}.Release|Any CPU.ActiveCfg = Release|Any CPU
		{473733A8-B379-4A12-8CEC-DBCD722968E5}.Release|Any CPU.Build.0 = Release|Any CPU
		{D0AEE928-EAA6-49A0-9847-919D824332B8}.Debug|Any CPU.ActiveCfg = Debug|Any CPU
		{D0AEE928-EAA6-49A0-9847-919D824332B8}.Debug|Any CPU.Build.0 = Debug|Any CPU
		{D0AEE928-EAA6-49A0-9847-919D824332B8}.Release|Any CPU.ActiveCfg = Release|Any CPU
		{D0AEE928-EAA6-49A0-9847-919D824332B8}.Release|Any CPU.Build.0 = Release|Any CPU
		{0DF2D8A6-FA04-4C48-90A8-9ACE9042E8C0}.Debug|Any CPU.ActiveCfg = Debug|Any CPU
		{0DF2D8A6-FA04-4C48-90A8-9ACE9042E8C0}.Debug|Any CPU.Build.0 = Debug|Any CPU
		{0DF2D8A6-FA04-4C48-90A8-9ACE9042E8C0}.Release|Any CPU.ActiveCfg = Release|Any CPU
		{0DF2D8A6-FA04-4C48-90A8-9ACE9042E8C0}.Release|Any CPU.Build.0 = Release|Any CPU
		{08DBC907-6E8E-4D0F-AAD0-4DB1B7DAB287}.Debug|Any CPU.ActiveCfg = Debug|Any CPU
		{08DBC907-6E8E-4D0F-AAD0-4DB1B7DAB287}.Debug|Any CPU.Build.0 = Debug|Any CPU
		{08DBC907-6E8E-4D0F-AAD0-4DB1B7DAB287}.Release|Any CPU.ActiveCfg = Release|Any CPU
		{08DBC907-6E8E-4D0F-AAD0-4DB1B7DAB287}.Release|Any CPU.Build.0 = Release|Any CPU
		{FD75F81E-0D7B-4CBF-8B86-7EB8C39CBEBC}.Debug|Any CPU.ActiveCfg = Debug|Any CPU
		{FD75F81E-0D7B-4CBF-8B86-7EB8C39CBEBC}.Debug|Any CPU.Build.0 = Debug|Any CPU
		{FD75F81E-0D7B-4CBF-8B86-7EB8C39CBEBC}.Release|Any CPU.ActiveCfg = Release|Any CPU
		{FD75F81E-0D7B-4CBF-8B86-7EB8C39CBEBC}.Release|Any CPU.Build.0 = Release|Any CPU
		{E9C5EE43-B199-47FE-AAA7-EF779CF74B3C}.Debug|Any CPU.ActiveCfg = Debug|Any CPU
		{E9C5EE43-B199-47FE-AAA7-EF779CF74B3C}.Debug|Any CPU.Build.0 = Debug|Any CPU
		{E9C5EE43-B199-47FE-AAA7-EF779CF74B3C}.Release|Any CPU.ActiveCfg = Release|Any CPU
		{E9C5EE43-B199-47FE-AAA7-EF779CF74B3C}.Release|Any CPU.Build.0 = Release|Any CPU
	EndGlobalSection
	GlobalSection(SolutionProperties) = preSolution
		HideSolutionNode = FALSE
	EndGlobalSection
	GlobalSection(ExtensibilityGlobals) = postSolution
		SolutionGuid = {461E5B89-1A84-47A3-92F3-9C2AC54FC97A}
	EndGlobalSection
EndGlobal
